// !$*UTF8*$!
{
	archiveVersion = 1;
	classes = {
	};
	objectVersion = 56;
	objects = {

/* Begin PBXBuildFile section */
		CF6BC1162BB3D0AA005C120B /* FirebaseTestLabiOSDemoApp.swift in Sources */ = {isa = PBXBuildFile; fileRef = CF6BC1152BB3D0AA005C120B /* FirebaseTestLabiOSDemoApp.swift */; };
		CF6BC1182BB3D0AA005C120B /* ContentView.swift in Sources */ = {isa = PBXBuildFile; fileRef = CF6BC1172BB3D0AA005C120B /* ContentView.swift */; };
		CF6BC11A2BB3D0AB005C120B /* Assets.xcassets in Resources */ = {isa = PBXBuildFile; fileRef = CF6BC1192BB3D0AB005C120B /* Assets.xcassets */; };
		CF6BC11D2BB3D0AB005C120B /* Preview Assets.xcassets in Resources */ = {isa = PBXBuildFile; fileRef = CF6BC11C2BB3D0AB005C120B /* Preview Assets.xcassets */; };
		CF6BC1332BB3D0AB005C120B /* LaunchTests.swift in Sources */ = {isa = PBXBuildFile; fileRef = CF6BC1322BB3D0AB005C120B /* LaunchTests.swift */; };
		CF6BC1402BB3D10C005C120B /* LoginUIView.swift in Sources */ = {isa = PBXBuildFile; fileRef = CF6BC13F2BB3D10C005C120B /* LoginUIView.swift */; };
		CF6BC1422BB3D12E005C120B /* ListUIView.swift in Sources */ = {isa = PBXBuildFile; fileRef = CF6BC1412BB3D12E005C120B /* ListUIView.swift */; };
		CF6BC1442BB3D142005C120B /* AddPropertyUIView.swift in Sources */ = {isa = PBXBuildFile; fileRef = CF6BC1432BB3D142005C120B /* AddPropertyUIView.swift */; };
		CF6BC1462BB3D17B005C120B /* ClassA.swift in Sources */ = {isa = PBXBuildFile; fileRef = CF6BC1452BB3D17B005C120B /* ClassA.swift */; };
		CF6BC1482BB3D184005C120B /* ClassB.swift in Sources */ = {isa = PBXBuildFile; fileRef = CF6BC1472BB3D184005C120B /* ClassB.swift */; };
		CF6BC14A2BB3D190005C120B /* Utility.swift in Sources */ = {isa = PBXBuildFile; fileRef = CF6BC1492BB3D190005C120B /* Utility.swift */; };
		CF6BC14C2BB3D19C005C120B /* LoginScreen.swift in Sources */ = {isa = PBXBuildFile; fileRef = CF6BC14B2BB3D19C005C120B /* LoginScreen.swift */; };
/* End PBXBuildFile section */

/* Begin PBXContainerItemProxy section */
		CF6BC12D2BB3D0AB005C120B /* PBXContainerItemProxy */ = {
			isa = PBXContainerItemProxy;
			containerPortal = CF6BC10A2BB3D0AA005C120B /* Project object */;
			proxyType = 1;
			remoteGlobalIDString = CF6BC1112BB3D0AA005C120B;
			remoteInfo = FirebaseTestLabiOSDemo;
		};
/* End PBXContainerItemProxy section */

/* Begin PBXFileReference section */
		CF6BC1122BB3D0AA005C120B /* FirebaseTestLabiOSDemo.app */ = {isa = PBXFileReference; explicitFileType = wrapper.application; includeInIndex = 0; path = FirebaseTestLabiOSDemo.app; sourceTree = BUILT_PRODUCTS_DIR; };
		CF6BC1152BB3D0AA005C120B /* FirebaseTestLabiOSDemoApp.swift */ = {isa = PBXFileReference; lastKnownFileType = sourcecode.swift; path = FirebaseTestLabiOSDemoApp.swift; sourceTree = "<group>"; };
		CF6BC1172BB3D0AA005C120B /* ContentView.swift */ = {isa = PBXFileReference; lastKnownFileType = sourcecode.swift; path = ContentView.swift; sourceTree = "<group>"; };
		CF6BC1192BB3D0AB005C120B /* Assets.xcassets */ = {isa = PBXFileReference; lastKnownFileType = folder.assetcatalog; path = Assets.xcassets; sourceTree = "<group>"; };
		CF6BC11C2BB3D0AB005C120B /* Preview Assets.xcassets */ = {isa = PBXFileReference; lastKnownFileType = folder.assetcatalog; path = "Preview Assets.xcassets"; sourceTree = "<group>"; };
		CF6BC12C2BB3D0AB005C120B /* FirebaseTestLabiOSDemoUITests.xctest */ = {isa = PBXFileReference; explicitFileType = wrapper.cfbundle; includeInIndex = 0; path = FirebaseTestLabiOSDemoUITests.xctest; sourceTree = BUILT_PRODUCTS_DIR; };
		CF6BC1322BB3D0AB005C120B /* LaunchTests.swift */ = {isa = PBXFileReference; lastKnownFileType = sourcecode.swift; path = LaunchTests.swift; sourceTree = "<group>"; };
		CF6BC13F2BB3D10C005C120B /* LoginUIView.swift */ = {isa = PBXFileReference; lastKnownFileType = sourcecode.swift; path = LoginUIView.swift; sourceTree = "<group>"; };
		CF6BC1412BB3D12E005C120B /* ListUIView.swift */ = {isa = PBXFileReference; lastKnownFileType = sourcecode.swift; path = ListUIView.swift; sourceTree = "<group>"; };
		CF6BC1432BB3D142005C120B /* AddPropertyUIView.swift */ = {isa = PBXFileReference; lastKnownFileType = sourcecode.swift; path = AddPropertyUIView.swift; sourceTree = "<group>"; };
		CF6BC1452BB3D17B005C120B /* ClassA.swift */ = {isa = PBXFileReference; lastKnownFileType = sourcecode.swift; path = ClassA.swift; sourceTree = "<group>"; };
		CF6BC1472BB3D184005C120B /* ClassB.swift */ = {isa = PBXFileReference; lastKnownFileType = sourcecode.swift; path = ClassB.swift; sourceTree = "<group>"; };
		CF6BC1492BB3D190005C120B /* Utility.swift */ = {isa = PBXFileReference; lastKnownFileType = sourcecode.swift; path = Utility.swift; sourceTree = "<group>"; };
		CF6BC14B2BB3D19C005C120B /* LoginScreen.swift */ = {isa = PBXFileReference; lastKnownFileType = sourcecode.swift; path = LoginScreen.swift; sourceTree = "<group>"; };
/* End PBXFileReference section */

/* Begin PBXFrameworksBuildPhase section */
		CF6BC10F2BB3D0AA005C120B /* Frameworks */ = {
			isa = PBXFrameworksBuildPhase;
			buildActionMask = 2147483647;
			files = (
			);
			runOnlyForDeploymentPostprocessing = 0;
		};
		CF6BC1292BB3D0AB005C120B /* Frameworks */ = {
			isa = PBXFrameworksBuildPhase;
			buildActionMask = 2147483647;
			files = (
			);
			runOnlyForDeploymentPostprocessing = 0;
		};
/* End PBXFrameworksBuildPhase section */

/* Begin PBXGroup section */
		CF6BC1092BB3D0AA005C120B = {
			isa = PBXGroup;
			children = (
				CF6BC1142BB3D0AA005C120B /* FirebaseTestLabiOSDemo */,
				CF6BC12F2BB3D0AB005C120B /* FirebaseTestLabiOSDemoUITests */,
				CF6BC1132BB3D0AA005C120B /* Products */,
			);
			sourceTree = "<group>";
		};
		CF6BC1132BB3D0AA005C120B /* Products */ = {
			isa = PBXGroup;
			children = (
				CF6BC1122BB3D0AA005C120B /* FirebaseTestLabiOSDemo.app */,
				CF6BC12C2BB3D0AB005C120B /* FirebaseTestLabiOSDemoUITests.xctest */,
			);
			name = Products;
			sourceTree = "<group>";
		};
		CF6BC1142BB3D0AA005C120B /* FirebaseTestLabiOSDemo */ = {
			isa = PBXGroup;
			children = (
				CF6BC1152BB3D0AA005C120B /* FirebaseTestLabiOSDemoApp.swift */,
				CF6BC1172BB3D0AA005C120B /* ContentView.swift */,
				CF6BC1192BB3D0AB005C120B /* Assets.xcassets */,
				CF6BC13F2BB3D10C005C120B /* LoginUIView.swift */,
				CF6BC1412BB3D12E005C120B /* ListUIView.swift */,
				CF6BC1432BB3D142005C120B /* AddPropertyUIView.swift */,
				CF6BC11B2BB3D0AB005C120B /* Preview Content */,
			);
			path = FirebaseTestLabiOSDemo;
			sourceTree = "<group>";
		};
		CF6BC11B2BB3D0AB005C120B /* Preview Content */ = {
			isa = PBXGroup;
			children = (
				CF6BC11C2BB3D0AB005C120B /* Preview Assets.xcassets */,
			);
			path = "Preview Content";
			sourceTree = "<group>";
		};
		CF6BC12F2BB3D0AB005C120B /* FirebaseTestLabiOSDemoUITests */ = {
			isa = PBXGroup;
			children = (
				CF6BC1322BB3D0AB005C120B /* LaunchTests.swift */,
				CF6BC1452BB3D17B005C120B /* ClassA.swift */,
				CF6BC1472BB3D184005C120B /* ClassB.swift */,
				CF6BC1492BB3D190005C120B /* Utility.swift */,
				CF6BC14B2BB3D19C005C120B /* LoginScreen.swift */,
			);
			path = FirebaseTestLabiOSDemoUITests;
			sourceTree = "<group>";
		};
/* End PBXGroup section */

/* Begin PBXNativeTarget section */
		CF6BC1112BB3D0AA005C120B /* FirebaseTestLabiOSDemo */ = {
			isa = PBXNativeTarget;
			buildConfigurationList = CF6BC1362BB3D0AB005C120B /* Build configuration list for PBXNativeTarget "FirebaseTestLabiOSDemo" */;
			buildPhases = (
				CF6BC10E2BB3D0AA005C120B /* Sources */,
				CF6BC10F2BB3D0AA005C120B /* Frameworks */,
				CF6BC1102BB3D0AA005C120B /* Resources */,
			);
			buildRules = (
			);
			dependencies = (
			);
			name = FirebaseTestLabiOSDemo;
			productName = FirebaseTestLabiOSDemo;
			productReference = CF6BC1122BB3D0AA005C120B /* FirebaseTestLabiOSDemo.app */;
			productType = "com.apple.product-type.application";
		};
		CF6BC12B2BB3D0AB005C120B /* FirebaseTestLabiOSDemoUITests */ = {
			isa = PBXNativeTarget;
			buildConfigurationList = CF6BC13C2BB3D0AB005C120B /* Build configuration list for PBXNativeTarget "FirebaseTestLabiOSDemoUITests" */;
			buildPhases = (
				CF6BC1282BB3D0AB005C120B /* Sources */,
				CF6BC1292BB3D0AB005C120B /* Frameworks */,
				CF6BC12A2BB3D0AB005C120B /* Resources */,
			);
			buildRules = (
			);
			dependencies = (
				CF6BC12E2BB3D0AB005C120B /* PBXTargetDependency */,
			);
			name = FirebaseTestLabiOSDemoUITests;
			productName = FirebaseTestLabiOSDemoUITests;
			productReference = CF6BC12C2BB3D0AB005C120B /* FirebaseTestLabiOSDemoUITests.xctest */;
			productType = "com.apple.product-type.bundle.ui-testing";
		};
/* End PBXNativeTarget section */

/* Begin PBXProject section */
		CF6BC10A2BB3D0AA005C120B /* Project object */ = {
			isa = PBXProject;
			attributes = {
				BuildIndependentTargetsInParallel = 1;
				LastSwiftUpdateCheck = 1520;
				LastUpgradeCheck = 1520;
				TargetAttributes = {
					CF6BC1112BB3D0AA005C120B = {
						CreatedOnToolsVersion = 15.2;
					};
					CF6BC12B2BB3D0AB005C120B = {
						CreatedOnToolsVersion = 15.2;
						TestTargetID = CF6BC1112BB3D0AA005C120B;
					};
				};
			};
			buildConfigurationList = CF6BC10D2BB3D0AA005C120B /* Build configuration list for PBXProject "FirebaseTestLabiOSDemo" */;
			compatibilityVersion = "Xcode 14.0";
			developmentRegion = en;
			hasScannedForEncodings = 0;
			knownRegions = (
				en,
				Base,
			);
			mainGroup = CF6BC1092BB3D0AA005C120B;
			productRefGroup = CF6BC1132BB3D0AA005C120B /* Products */;
			projectDirPath = "";
			projectRoot = "";
			targets = (
				CF6BC1112BB3D0AA005C120B /* FirebaseTestLabiOSDemo */,
				CF6BC12B2BB3D0AB005C120B /* FirebaseTestLabiOSDemoUITests */,
			);
		};
/* End PBXProject section */

/* Begin PBXResourcesBuildPhase section */
		CF6BC1102BB3D0AA005C120B /* Resources */ = {
			isa = PBXResourcesBuildPhase;
			buildActionMask = 2147483647;
			files = (
				CF6BC11D2BB3D0AB005C120B /* Preview Assets.xcassets in Resources */,
				CF6BC11A2BB3D0AB005C120B /* Assets.xcassets in Resources */,
			);
			runOnlyForDeploymentPostprocessing = 0;
		};
		CF6BC12A2BB3D0AB005C120B /* Resources */ = {
			isa = PBXResourcesBuildPhase;
			buildActionMask = 2147483647;
			files = (
			);
			runOnlyForDeploymentPostprocessing = 0;
		};
/* End PBXResourcesBuildPhase section */

/* Begin PBXSourcesBuildPhase section */
		CF6BC10E2BB3D0AA005C120B /* Sources */ = {
			isa = PBXSourcesBuildPhase;
			buildActionMask = 2147483647;
			files = (
				CF6BC1442BB3D142005C120B /* AddPropertyUIView.swift in Sources */,
				CF6BC1422BB3D12E005C120B /* ListUIView.swift in Sources */,
				CF6BC1402BB3D10C005C120B /* LoginUIView.swift in Sources */,
				CF6BC1182BB3D0AA005C120B /* ContentView.swift in Sources */,
				CF6BC1162BB3D0AA005C120B /* FirebaseTestLabiOSDemoApp.swift in Sources */,
			);
			runOnlyForDeploymentPostprocessing = 0;
		};
		CF6BC1282BB3D0AB005C120B /* Sources */ = {
			isa = PBXSourcesBuildPhase;
			buildActionMask = 2147483647;
			files = (
				CF6BC14A2BB3D190005C120B /* Utility.swift in Sources */,
				CF6BC1462BB3D17B005C120B /* ClassA.swift in Sources */,
				CF6BC1332BB3D0AB005C120B /* LaunchTests.swift in Sources */,
				CF6BC1482BB3D184005C120B /* ClassB.swift in Sources */,
				CF6BC14C2BB3D19C005C120B /* LoginScreen.swift in Sources */,
			);
			runOnlyForDeploymentPostprocessing = 0;
		};
/* End PBXSourcesBuildPhase section */

/* Begin PBXTargetDependency section */
		CF6BC12E2BB3D0AB005C120B /* PBXTargetDependency */ = {
			isa = PBXTargetDependency;
			target = CF6BC1112BB3D0AA005C120B /* FirebaseTestLabiOSDemo */;
			targetProxy = CF6BC12D2BB3D0AB005C120B /* PBXContainerItemProxy */;
		};
/* End PBXTargetDependency section */

/* Begin XCBuildConfiguration section */
		CF6BC1342BB3D0AB005C120B /* Debug */ = {
			isa = XCBuildConfiguration;
			buildSettings = {
				ALWAYS_SEARCH_USER_PATHS = NO;
				ASSETCATALOG_COMPILER_GENERATE_SWIFT_ASSET_SYMBOL_EXTENSIONS = YES;
				CLANG_ANALYZER_NONNULL = YES;
				CLANG_ANALYZER_NUMBER_OBJECT_CONVERSION = YES_AGGRESSIVE;
				CLANG_CXX_LANGUAGE_STANDARD = "gnu++20";
				CLANG_ENABLE_MODULES = YES;
				CLANG_ENABLE_OBJC_ARC = YES;
				CLANG_ENABLE_OBJC_WEAK = YES;
				CLANG_WARN_BLOCK_CAPTURE_AUTORELEASING = YES;
				CLANG_WARN_BOOL_CONVERSION = YES;
				CLANG_WARN_COMMA = YES;
				CLANG_WARN_CONSTANT_CONVERSION = YES;
				CLANG_WARN_DEPRECATED_OBJC_IMPLEMENTATIONS = YES;
				CLANG_WARN_DIRECT_OBJC_ISA_USAGE = YES_ERROR;
				CLANG_WARN_DOCUMENTATION_COMMENTS = YES;
				CLANG_WARN_EMPTY_BODY = YES;
				CLANG_WARN_ENUM_CONVERSION = YES;
				CLANG_WARN_INFINITE_RECURSION = YES;
				CLANG_WARN_INT_CONVERSION = YES;
				CLANG_WARN_NON_LITERAL_NULL_CONVERSION = YES;
				CLANG_WARN_OBJC_IMPLICIT_RETAIN_SELF = YES;
				CLANG_WARN_OBJC_LITERAL_CONVERSION = YES;
				CLANG_WARN_OBJC_ROOT_CLASS = YES_ERROR;
				CLANG_WARN_QUOTED_INCLUDE_IN_FRAMEWORK_HEADER = YES;
				CLANG_WARN_RANGE_LOOP_ANALYSIS = YES;
				CLANG_WARN_STRICT_PROTOTYPES = YES;
				CLANG_WARN_SUSPICIOUS_MOVE = YES;
				CLANG_WARN_UNGUARDED_AVAILABILITY = YES_AGGRESSIVE;
				CLANG_WARN_UNREACHABLE_CODE = YES;
				CLANG_WARN__DUPLICATE_METHOD_MATCH = YES;
				COPY_PHASE_STRIP = NO;
				DEBUG_INFORMATION_FORMAT = dwarf;
				ENABLE_STRICT_OBJC_MSGSEND = YES;
				ENABLE_TESTABILITY = YES;
				ENABLE_USER_SCRIPT_SANDBOXING = YES;
				GCC_C_LANGUAGE_STANDARD = gnu17;
				GCC_DYNAMIC_NO_PIC = NO;
				GCC_NO_COMMON_BLOCKS = YES;
				GCC_OPTIMIZATION_LEVEL = 0;
				GCC_PREPROCESSOR_DEFINITIONS = (
					"DEBUG=1",
					"$(inherited)",
				);
				GCC_WARN_64_TO_32_BIT_CONVERSION = YES;
				GCC_WARN_ABOUT_RETURN_TYPE = YES_ERROR;
				GCC_WARN_UNDECLARED_SELECTOR = YES;
				GCC_WARN_UNINITIALIZED_AUTOS = YES_AGGRESSIVE;
				GCC_WARN_UNUSED_FUNCTION = YES;
				GCC_WARN_UNUSED_VARIABLE = YES;
				IPHONEOS_DEPLOYMENT_TARGET = 15.0;
				LOCALIZATION_PREFERS_STRING_CATALOGS = YES;
				MTL_ENABLE_DEBUG_INFO = INCLUDE_SOURCE;
				MTL_FAST_MATH = YES;
				ONLY_ACTIVE_ARCH = YES;
				SDKROOT = iphoneos;
				SWIFT_ACTIVE_COMPILATION_CONDITIONS = "DEBUG $(inherited)";
				SWIFT_OPTIMIZATION_LEVEL = "-Onone";
			};
			name = Debug;
		};
		CF6BC1352BB3D0AB005C120B /* Release */ = {
			isa = XCBuildConfiguration;
			buildSettings = {
				ALWAYS_SEARCH_USER_PATHS = NO;
				ASSETCATALOG_COMPILER_GENERATE_SWIFT_ASSET_SYMBOL_EXTENSIONS = YES;
				CLANG_ANALYZER_NONNULL = YES;
				CLANG_ANALYZER_NUMBER_OBJECT_CONVERSION = YES_AGGRESSIVE;
				CLANG_CXX_LANGUAGE_STANDARD = "gnu++20";
				CLANG_ENABLE_MODULES = YES;
				CLANG_ENABLE_OBJC_ARC = YES;
				CLANG_ENABLE_OBJC_WEAK = YES;
				CLANG_WARN_BLOCK_CAPTURE_AUTORELEASING = YES;
				CLANG_WARN_BOOL_CONVERSION = YES;
				CLANG_WARN_COMMA = YES;
				CLANG_WARN_CONSTANT_CONVERSION = YES;
				CLANG_WARN_DEPRECATED_OBJC_IMPLEMENTATIONS = YES;
				CLANG_WARN_DIRECT_OBJC_ISA_USAGE = YES_ERROR;
				CLANG_WARN_DOCUMENTATION_COMMENTS = YES;
				CLANG_WARN_EMPTY_BODY = YES;
				CLANG_WARN_ENUM_CONVERSION = YES;
				CLANG_WARN_INFINITE_RECURSION = YES;
				CLANG_WARN_INT_CONVERSION = YES;
				CLANG_WARN_NON_LITERAL_NULL_CONVERSION = YES;
				CLANG_WARN_OBJC_IMPLICIT_RETAIN_SELF = YES;
				CLANG_WARN_OBJC_LITERAL_CONVERSION = YES;
				CLANG_WARN_OBJC_ROOT_CLASS = YES_ERROR;
				CLANG_WARN_QUOTED_INCLUDE_IN_FRAMEWORK_HEADER = YES;
				CLANG_WARN_RANGE_LOOP_ANALYSIS = YES;
				CLANG_WARN_STRICT_PROTOTYPES = YES;
				CLANG_WARN_SUSPICIOUS_MOVE = YES;
				CLANG_WARN_UNGUARDED_AVAILABILITY = YES_AGGRESSIVE;
				CLANG_WARN_UNREACHABLE_CODE = YES;
				CLANG_WARN__DUPLICATE_METHOD_MATCH = YES;
				COPY_PHASE_STRIP = NO;
				DEBUG_INFORMATION_FORMAT = "dwarf-with-dsym";
				ENABLE_NS_ASSERTIONS = NO;
				ENABLE_STRICT_OBJC_MSGSEND = YES;
				ENABLE_USER_SCRIPT_SANDBOXING = YES;
				GCC_C_LANGUAGE_STANDARD = gnu17;
				GCC_NO_COMMON_BLOCKS = YES;
				GCC_WARN_64_TO_32_BIT_CONVERSION = YES;
				GCC_WARN_ABOUT_RETURN_TYPE = YES_ERROR;
				GCC_WARN_UNDECLARED_SELECTOR = YES;
				GCC_WARN_UNINITIALIZED_AUTOS = YES_AGGRESSIVE;
				GCC_WARN_UNUSED_FUNCTION = YES;
				GCC_WARN_UNUSED_VARIABLE = YES;
				IPHONEOS_DEPLOYMENT_TARGET = 15.0;
				LOCALIZATION_PREFERS_STRING_CATALOGS = YES;
				MTL_ENABLE_DEBUG_INFO = NO;
				MTL_FAST_MATH = YES;
				SDKROOT = iphoneos;
				SWIFT_COMPILATION_MODE = wholemodule;
				VALIDATE_PRODUCT = YES;
			};
			name = Release;
		};
		CF6BC1372BB3D0AB005C120B /* Debug */ = {
			isa = XCBuildConfiguration;
			buildSettings = {
				ASSETCATALOG_COMPILER_APPICON_NAME = AppIcon;
				ASSETCATALOG_COMPILER_GLOBAL_ACCENT_COLOR_NAME = AccentColor;
				CODE_SIGN_IDENTITY = "Apple Development";
				CODE_SIGN_STYLE = Automatic;
				CURRENT_PROJECT_VERSION = 1;
				DEVELOPMENT_ASSET_PATHS = "\"FirebaseTestLabiOSDemo/Preview Content\"";
				DEVELOPMENT_TEAM = H265B27P7N;
				ENABLE_PREVIEWS = YES;
				GENERATE_INFOPLIST_FILE = YES;
				INFOPLIST_KEY_UIApplicationSceneManifest_Generation = YES;
				INFOPLIST_KEY_UIApplicationSupportsIndirectInputEvents = YES;
				INFOPLIST_KEY_UILaunchScreen_Generation = YES;
				INFOPLIST_KEY_UISupportedInterfaceOrientations_iPad = "UIInterfaceOrientationPortrait UIInterfaceOrientationPortraitUpsideDown UIInterfaceOrientationLandscapeLeft UIInterfaceOrientationLandscapeRight";
				INFOPLIST_KEY_UISupportedInterfaceOrientations_iPhone = "UIInterfaceOrientationPortrait UIInterfaceOrientationLandscapeLeft UIInterfaceOrientationLandscapeRight";
				LD_RUNPATH_SEARCH_PATHS = (
					"$(inherited)",
					"@executable_path/Frameworks",
				);
				MARKETING_VERSION = 1.0;
				PRODUCT_BUNDLE_IDENTIFIER = com.sahil.FirebaseTestLabiOSDemo;
				PRODUCT_NAME = "$(TARGET_NAME)";
				PROVISIONING_PROFILE_SPECIFIER = "";
				SWIFT_EMIT_LOC_STRINGS = YES;
				SWIFT_VERSION = 5.0;
				TARGETED_DEVICE_FAMILY = "1,2";
			};
			name = Debug;
		};
		CF6BC1382BB3D0AB005C120B /* Release */ = {
			isa = XCBuildConfiguration;
			buildSettings = {
				ASSETCATALOG_COMPILER_APPICON_NAME = AppIcon;
				ASSETCATALOG_COMPILER_GLOBAL_ACCENT_COLOR_NAME = AccentColor;
				CODE_SIGN_IDENTITY = "Apple Development";
				CODE_SIGN_STYLE = Automatic;
				CURRENT_PROJECT_VERSION = 1;
				DEVELOPMENT_ASSET_PATHS = "\"FirebaseTestLabiOSDemo/Preview Content\"";
				DEVELOPMENT_TEAM = H265B27P7N;
				ENABLE_PREVIEWS = YES;
				GENERATE_INFOPLIST_FILE = YES;
				INFOPLIST_KEY_UIApplicationSceneManifest_Generation = YES;
				INFOPLIST_KEY_UIApplicationSupportsIndirectInputEvents = YES;
				INFOPLIST_KEY_UILaunchScreen_Generation = YES;
				INFOPLIST_KEY_UISupportedInterfaceOrientations_iPad = "UIInterfaceOrientationPortrait UIInterfaceOrientationPortraitUpsideDown UIInterfaceOrientationLandscapeLeft UIInterfaceOrientationLandscapeRight";
				INFOPLIST_KEY_UISupportedInterfaceOrientations_iPhone = "UIInterfaceOrientationPortrait UIInterfaceOrientationLandscapeLeft UIInterfaceOrientationLandscapeRight";
				LD_RUNPATH_SEARCH_PATHS = (
					"$(inherited)",
					"@executable_path/Frameworks",
				);
				MARKETING_VERSION = 1.0;
				PRODUCT_BUNDLE_IDENTIFIER = com.sahil.FirebaseTestLabiOSDemo;
				PRODUCT_NAME = "$(TARGET_NAME)";
				PROVISIONING_PROFILE_SPECIFIER = "";
				SWIFT_EMIT_LOC_STRINGS = YES;
				SWIFT_VERSION = 5.0;
				TARGETED_DEVICE_FAMILY = "1,2";
			};
			name = Release;
		};
		CF6BC13D2BB3D0AB005C120B /* Debug */ = {
			isa = XCBuildConfiguration;
			buildSettings = {
				ALWAYS_EMBED_SWIFT_STANDARD_LIBRARIES = YES;
				CODE_SIGN_IDENTITY = "Apple Development";
				"CODE_SIGN_IDENTITY[sdk=macosx*]" = "Apple Development";
				CODE_SIGN_STYLE = Automatic;
				CURRENT_PROJECT_VERSION = 1;
				DEVELOPMENT_TEAM = H265B27P7N;
				GENERATE_INFOPLIST_FILE = YES;
				MARKETING_VERSION = 1.0;
				PRODUCT_BUNDLE_IDENTIFIER = com.sahil.FirebaseTestLabiOSDemoUITests;
				PRODUCT_NAME = "$(TARGET_NAME)";
				PROVISIONING_PROFILE_SPECIFIER = "";
				SWIFT_EMIT_LOC_STRINGS = NO;
				SWIFT_VERSION = 5.0;
				TARGETED_DEVICE_FAMILY = "1,2";
				TEST_TARGET_NAME = FirebaseTestLabiOSDemo;
			};
			name = Debug;
		};
		CF6BC13E2BB3D0AB005C120B /* Release */ = {
			isa = XCBuildConfiguration;
			buildSettings = {
				ALWAYS_EMBED_SWIFT_STANDARD_LIBRARIES = YES;
				CODE_SIGN_IDENTITY = "Apple Development";
				"CODE_SIGN_IDENTITY[sdk=macosx*]" = "Apple Development";
				CODE_SIGN_STYLE = Automatic;
				CURRENT_PROJECT_VERSION = 1;
				DEVELOPMENT_TEAM = H265B27P7N;
				GENERATE_INFOPLIST_FILE = YES;
				MARKETING_VERSION = 1.0;
				PRODUCT_BUNDLE_IDENTIFIER = com.sahil.FirebaseTestLabiOSDemoUITests;
				PRODUCT_NAME = "$(TARGET_NAME)";
				PROVISIONING_PROFILE_SPECIFIER = "";
				SWIFT_EMIT_LOC_STRINGS = NO;
				SWIFT_VERSION = 5.0;
				TARGETED_DEVICE_FAMILY = "1,2";
				TEST_TARGET_NAME = FirebaseTestLabiOSDemo;
			};
			name = Release;
		};
/* End XCBuildConfiguration section */

/* Begin XCConfigurationList section */
		CF6BC10D2BB3D0AA005C120B /* Build configuration list for PBXProject "FirebaseTestLabiOSDemo" */ = {
			isa = XCConfigurationList;
			buildConfigurations = (
				CF6BC1342BB3D0AB005C120B /* Debug */,
				CF6BC1352BB3D0AB005C120B /* Release */,
			);
			defaultConfigurationIsVisible = 0;
			defaultConfigurationName = Release;
		};
		CF6BC1362BB3D0AB005C120B /* Build configuration list for PBXNativeTarget "FirebaseTestLabiOSDemo" */ = {
			isa = XCConfigurationList;
			buildConfigurations = (
				CF6BC1372BB3D0AB005C120B /* Debug */,
				CF6BC1382BB3D0AB005C120B /* Release */,
			);
			defaultConfigurationIsVisible = 0;
			defaultConfigurationName = Release;
		};
		CF6BC13C2BB3D0AB005C120B /* Build configuration list for PBXNativeTarget "FirebaseTestLabiOSDemoUITests" */ = {
			isa = XCConfigurationList;
			buildConfigurations = (
				CF6BC13D2BB3D0AB005C120B /* Debug */,
				CF6BC13E2BB3D0AB005C120B /* Release */,
			);
			defaultConfigurationIsVisible = 0;
			defaultConfigurationName = Release;
		};
/* End XCConfigurationList section */
	};
	rootObject = CF6BC10A2BB3D0AA005C120B /* Project object */;
}
